<?xml version="1.0" encoding="utf-8"?>
<Project ToolsVersion="4.0" xmlns="http://schemas.microsoft.com/developer/msbuild/2003">
  <ItemGroup>
    <Filter Include="Source Files">
      <UniqueIdentifier>{4FC737F1-C7A5-4376-A066-2A32D752A2FF}</UniqueIdentifier>
      <Extensions>cpp;c;cc;cxx;def;odl;idl;hpj;bat;asm;asmx</Extensions>
    </Filter>
    <Filter Include="Header Files">
      <UniqueIdentifier>{93995380-89BD-4b04-88EB-625FBE52EBFB}</UniqueIdentifier>
      <Extensions>h;hh;hpp;hxx;hm;inl;inc;ipp;xsd</Extensions>
    </Filter>
    <Filter Include="Resource Files">
      <UniqueIdentifier>{67DA6AB6-F800-4c08-8B7A-83BB121AAD01}</UniqueIdentifier>
      <Extensions>rc;ico;cur;bmp;dlg;rc2;rct;bin;rgs;gif;jpg;jpeg;jpe;resx;tiff;tif;png;wav;mfcribbon-ms</Extensions>
    </Filter>
    <Filter Include="Header Files\Allegro">
      <UniqueIdentifier>{af2d45ef-4436-43af-a392-e66058fb7040}</UniqueIdentifier>
    </Filter>
    <Filter Include="Source Files\Allegro">
      <UniqueIdentifier>{6d5f153c-9e1f-40d1-9278-ca25c2e10f8e}</UniqueIdentifier>
    </Filter>
    <Filter Include="Header Files\Directories">
      <UniqueIdentifier>{a3d4f7de-abeb-41c8-bee5-602b9fe7bbd4}</UniqueIdentifier>
    </Filter>
    <Filter Include="Source Files\Utils">
      <UniqueIdentifier>{7ab72058-6378-4358-a1f3-86cbb413f286}</UniqueIdentifier>
    </Filter>
    <Filter Include="Header Files\Utils">
      <UniqueIdentifier>{e8fc41dd-2c2e-4b36-b68f-533bdf9e1ff8}</UniqueIdentifier>
    </Filter>
    <Filter Include="Source Files\Directories">
      <UniqueIdentifier>{59201395-2dd4-4e0d-815a-37992bf27cfd}</UniqueIdentifier>
    </Filter>
    <Filter Include="Resource Files\Images">
      <UniqueIdentifier>{9ca089be-1ca5-4bf3-9590-e64304bac621}</UniqueIdentifier>
    </Filter>
  </ItemGroup>
  <ItemGroup>
    <ClInclude Include="Allegro\allegroClass.h">
      <Filter>Header Files\Allegro</Filter>
    </ClInclude>
    <ClInclude Include="Quadtree.h">
      <Filter>Header Files</Filter>
    </ClInclude>
    <ClInclude Include="Allegro\menu.h">
      <Filter>Header Files\Allegro</Filter>
    </ClInclude>
    <ClInclude Include="mosaic.h">
      <Filter>Header Files</Filter>
    </ClInclude>
    <ClInclude Include="Allegro\WrittenBox.h">
      <Filter>Header Files\Allegro</Filter>
    </ClInclude>
    <ClInclude Include="Directories\filesystem_header.h">
      <Filter>Header Files\Directories</Filter>
    </ClInclude>
    <ClInclude Include="Directories\lodepng.h">
      <Filter>Header Files\Directories</Filter>
    </ClInclude>
    <ClInclude Include="Utils\parser.h">
      <Filter>Header Files\Utils</Filter>
    </ClInclude>
    <ClInclude Include="ImageHandler.h">
      <Filter>Header Files</Filter>
    </ClInclude>
  </ItemGroup>
  <ItemGroup>
    <ClCompile Include="Allegro\allegroClass.cpp">
      <Filter>Source Files\Allegro</Filter>
    </ClCompile>
    <ClCompile Include="main.cpp">
      <Filter>Source Files</Filter>
    </ClCompile>
    <ClCompile Include="Quadtree.cpp">
      <Filter>Source Files</Filter>
    </ClCompile>
    <ClCompile Include="Allegro\menu.cpp">
      <Filter>Source Files\Allegro</Filter>
    </ClCompile>
    <ClCompile Include="Allegro\WrittenBox.cpp">
      <Filter>Source Files\Allegro</Filter>
    </ClCompile>
    <ClCompile Include="Directories\filesys_utils.cpp">
      <Filter>Source Files\Directories</Filter>
    </ClCompile>
    <ClCompile Include="Directories\lodepng.cpp">
      <Filter>Source Files\Directories</Filter>
    </ClCompile>
    <ClCompile Include="Utils\parser.cpp">
      <Filter>Source Files\Utils</Filter>
    </ClCompile>
    <ClCompile Include="ImageHandler.cpp">
      <Filter>Source Files</Filter>
    </ClCompile>
  </ItemGroup>
  <ItemGroup>
    <None Include="packages.config" />
  </ItemGroup>
  <ItemGroup>
    <Image Include="Images\background.jpg">
      <Filter>Resource Files</Filter>
    </Image>
    <Image Include="Images\tutorial.png">
      <Filter>Resource Files</Filter>
    </Image>
    <Image Include="Images\tumblr_static_shadow.png">
      <Filter>Resource Files\Images</Filter>
    </Image>
    <Image Include="Images\7cdb05fc5117e30750a7c555bcda1c02d8fa35f7.png">
      <Filter>Resource Files\Images</Filter>
    </Image>
    <Image Include="Images\114.png">
      <Filter>Resource Files\Images</Filter>
    </Image>
    <Image Include="Images\82781dfa00ddf215260555adfe01d6be.png">
      <Filter>Resource Files\Images</Filter>
    </Image>
    <Image Include="Images\A_Gun.png">
      <Filter>Resource Files\Images</Filter>
    </Image>
    <Image Include="Images\a66511b982545e397a6805d82e6ebdf7.png">
      <Filter>Resource Files\Images</Filter>
    </Image>
    <Image Include="Images\c28eb900f8e9f29748dc48baa1c2dc5e.png">
      <Filter>Resource Files\Images</Filter>
    </Image>
    <Image Include="Images\Choco_chip_cookie.png">
      <Filter>Resource Files\Images</Filter>
    </Image>
    <Image Include="Images\eda7.png">
      <Filter>Resource Files\Images</Filter>
    </Image>
    <Image Include="Images\Nyan-Cat-PNG-Image.png">
      <Filter>Resource Files\Images</Filter>
    </Image>
    <Image Include="Images\PNG_transparency_demonstration_1.png">
      <Filter>Resource Files\Images</Filter>
    </Image>
    <Image Include="Images\PNGPIX-COM-Silver-Audi-Car-PNG-Image.png">
      <Filter>Resource Files\Images</Filter>
    </Image>
    <Image Include="Images\Small-mario.png">
      <Filter>Resource Files\Images</Filter>
    </Image>
  </ItemGroup>
</Project>